
Microsoft Visual Studio Solution File, Format Version 12.00
# Visual Studio Version 16
VisualStudioVersion = 16.0.32901.82
MinimumVisualStudioVersion = 10.0.40219.1
Project("{FAE04EC0-301F-11D3-BF4B-00C04F79EFBC}") = "program2", "program2\program2.csproj", "{31989FA4-5F0E-4D3D-9952-7670DBFDD280}"
EndProject
Global
	GlobalSection(SolutionConfigurationPlatforms) = preSolution
		Debug|Any CPU = Debug|Any CPU
		Release|Any CPU = Release|Any CPU
	EndGlobalSection
	GlobalSection(ProjectConfigurationPlatforms) = postSolution
		{31989FA4-5F0E-4D3D-9952-7670DBFDD280}.Debug|Any CPU.ActiveCfg = Debug|Any CPU
		{31989FA4-5F0E-4D3D-9952-7670DBFDD280}.Debug|Any CPU.Build.0 = Debug|Any CPU
		{31989FA4-5F0E-4D3D-9952-7670DBFDD280}.Release|Any CPU.ActiveCfg = Release|Any CPU
		{31989FA4-5F0E-4D3D-9952-7670DBFDD280}.Release|Any CPU.Build.0 = Release|Any CPU
	EndGlobalSection
	GlobalSection(SolutionProperties) = preSolution
		HideSolutionNode = FALSE
	EndGlobalSection
	GlobalSection(ExtensibilityGlobals) = postSolution
		SolutionGuid = {E20EFF8F-14C5-4EC5-80F5-37841B6BADB7}
	EndGlobalSection
EndGlobal
