
Microsoft Visual Studio Solution File, Format Version 12.00
# Visual Studio Version 16
VisualStudioVersion = 16.0.32901.82
MinimumVisualStudioVersion = 10.0.40219.1
Project("{FAE04EC0-301F-11D3-BF4B-00C04F79EFBC}") = "program4", "program4\program4.csproj", "{148FD587-B2D2-45BF-B62F-95971E295DA6}"
EndProject
Global
	GlobalSection(SolutionConfigurationPlatforms) = preSolution
		Debug|Any CPU = Debug|Any CPU
		Release|Any CPU = Release|Any CPU
	EndGlobalSection
	GlobalSection(ProjectConfigurationPlatforms) = postSolution
		{148FD587-B2D2-45BF-B62F-95971E295DA6}.Debug|Any CPU.ActiveCfg = Debug|Any CPU
		{148FD587-B2D2-45BF-B62F-95971E295DA6}.Debug|Any CPU.Build.0 = Debug|Any CPU
		{148FD587-B2D2-45BF-B62F-95971E295DA6}.Release|Any CPU.ActiveCfg = Release|Any CPU
		{148FD587-B2D2-45BF-B62F-95971E295DA6}.Release|Any CPU.Build.0 = Release|Any CPU
	EndGlobalSection
	GlobalSection(SolutionProperties) = preSolution
		HideSolutionNode = FALSE
	EndGlobalSection
	GlobalSection(ExtensibilityGlobals) = postSolution
		SolutionGuid = {02FCEB00-09B3-4CCA-B5C0-65BC641E4F86}
	EndGlobalSection
EndGlobal
