
Microsoft Visual Studio Solution File, Format Version 12.00
# Visual Studio Version 16
VisualStudioVersion = 16.0.32901.82
MinimumVisualStudioVersion = 10.0.40219.1
Project("{FAE04EC0-301F-11D3-BF4B-00C04F79EFBC}") = "program3b", "program3b\program3b.csproj", "{55BC484E-D628-445B-BD94-97127CAF4256}"
EndProject
Global
	GlobalSection(SolutionConfigurationPlatforms) = preSolution
		Debug|Any CPU = Debug|Any CPU
		Release|Any CPU = Release|Any CPU
	EndGlobalSection
	GlobalSection(ProjectConfigurationPlatforms) = postSolution
		{55BC484E-D628-445B-BD94-97127CAF4256}.Debug|Any CPU.ActiveCfg = Debug|Any CPU
		{55BC484E-D628-445B-BD94-97127CAF4256}.Debug|Any CPU.Build.0 = Debug|Any CPU
		{55BC484E-D628-445B-BD94-97127CAF4256}.Release|Any CPU.ActiveCfg = Release|Any CPU
		{55BC484E-D628-445B-BD94-97127CAF4256}.Release|Any CPU.Build.0 = Release|Any CPU
	EndGlobalSection
	GlobalSection(SolutionProperties) = preSolution
		HideSolutionNode = FALSE
	EndGlobalSection
	GlobalSection(ExtensibilityGlobals) = postSolution
		SolutionGuid = {194DFF9E-C25C-43CF-993D-D14E8A1F6653}
	EndGlobalSection
EndGlobal
