
Microsoft Visual Studio Solution File, Format Version 12.00
# Visual Studio Version 16
VisualStudioVersion = 16.0.32901.82
MinimumVisualStudioVersion = 10.0.40219.1
Project("{FAE04EC0-301F-11D3-BF4B-00C04F79EFBC}") = "program1", "program1\program1.csproj", "{42BFC92F-C84B-4702-9D8B-4D855C634C68}"
EndProject
Global
	GlobalSection(SolutionConfigurationPlatforms) = preSolution
		Debug|Any CPU = Debug|Any CPU
		Release|Any CPU = Release|Any CPU
	EndGlobalSection
	GlobalSection(ProjectConfigurationPlatforms) = postSolution
		{42BFC92F-C84B-4702-9D8B-4D855C634C68}.Debug|Any CPU.ActiveCfg = Debug|Any CPU
		{42BFC92F-C84B-4702-9D8B-4D855C634C68}.Debug|Any CPU.Build.0 = Debug|Any CPU
		{42BFC92F-C84B-4702-9D8B-4D855C634C68}.Release|Any CPU.ActiveCfg = Release|Any CPU
		{42BFC92F-C84B-4702-9D8B-4D855C634C68}.Release|Any CPU.Build.0 = Release|Any CPU
	EndGlobalSection
	GlobalSection(SolutionProperties) = preSolution
		HideSolutionNode = FALSE
	EndGlobalSection
	GlobalSection(ExtensibilityGlobals) = postSolution
		SolutionGuid = {4B4FA9FC-8158-441B-8AAF-31E450265142}
	EndGlobalSection
EndGlobal
