
Microsoft Visual Studio Solution File, Format Version 12.00
# Visual Studio Version 16
VisualStudioVersion = 16.0.32901.82
MinimumVisualStudioVersion = 10.0.40219.1
Project("{FAE04EC0-301F-11D3-BF4B-00C04F79EFBC}") = "program4", "program4\program4.csproj", "{B20F86F3-2D64-4214-8EB2-134C17BC84BA}"
EndProject
Global
	GlobalSection(SolutionConfigurationPlatforms) = preSolution
		Debug|Any CPU = Debug|Any CPU
		Release|Any CPU = Release|Any CPU
	EndGlobalSection
	GlobalSection(ProjectConfigurationPlatforms) = postSolution
		{B20F86F3-2D64-4214-8EB2-134C17BC84BA}.Debug|Any CPU.ActiveCfg = Debug|Any CPU
		{B20F86F3-2D64-4214-8EB2-134C17BC84BA}.Debug|Any CPU.Build.0 = Debug|Any CPU
		{B20F86F3-2D64-4214-8EB2-134C17BC84BA}.Release|Any CPU.ActiveCfg = Release|Any CPU
		{B20F86F3-2D64-4214-8EB2-134C17BC84BA}.Release|Any CPU.Build.0 = Release|Any CPU
	EndGlobalSection
	GlobalSection(SolutionProperties) = preSolution
		HideSolutionNode = FALSE
	EndGlobalSection
	GlobalSection(ExtensibilityGlobals) = postSolution
		SolutionGuid = {04A9B71E-ED37-41E4-83FD-9FE84888147C}
	EndGlobalSection
EndGlobal
