
Microsoft Visual Studio Solution File, Format Version 12.00
# Visual Studio Version 16
VisualStudioVersion = 16.0.32901.82
MinimumVisualStudioVersion = 10.0.40219.1
Project("{FAE04EC0-301F-11D3-BF4B-00C04F79EFBC}") = "program6", "program6\program6.csproj", "{1E4CB321-4D9C-49BA-AEE3-55B86A79E514}"
EndProject
Global
	GlobalSection(SolutionConfigurationPlatforms) = preSolution
		Debug|Any CPU = Debug|Any CPU
		Release|Any CPU = Release|Any CPU
	EndGlobalSection
	GlobalSection(ProjectConfigurationPlatforms) = postSolution
		{1E4CB321-4D9C-49BA-AEE3-55B86A79E514}.Debug|Any CPU.ActiveCfg = Debug|Any CPU
		{1E4CB321-4D9C-49BA-AEE3-55B86A79E514}.Debug|Any CPU.Build.0 = Debug|Any CPU
		{1E4CB321-4D9C-49BA-AEE3-55B86A79E514}.Release|Any CPU.ActiveCfg = Release|Any CPU
		{1E4CB321-4D9C-49BA-AEE3-55B86A79E514}.Release|Any CPU.Build.0 = Release|Any CPU
	EndGlobalSection
	GlobalSection(SolutionProperties) = preSolution
		HideSolutionNode = FALSE
	EndGlobalSection
	GlobalSection(ExtensibilityGlobals) = postSolution
		SolutionGuid = {7668D48E-B49C-481C-9E8E-D858D81F3AB5}
	EndGlobalSection
EndGlobal
